
Microsoft Visual Studio Solution File, Format Version 12.00
# Visual Studio Version 17
VisualStudioVersion = 17.5.33530.505
MinimumVisualStudioVersion = 10.0.40219.1
Project("{FAE04EC0-301F-11D3-BF4B-00C04F79EFBC}") = "FitnessApp", "FitnessApp\FitnessApp.csproj", "{11E261C1-8858-4438-AFDE-4C8DFB3BB61B}"
EndProject
Global
	GlobalSection(SolutionConfigurationPlatforms) = preSolution
		Debug|Any CPU = Debug|Any CPU
		Release|Any CPU = Release|Any CPU
	EndGlobalSection
	GlobalSection(ProjectConfigurationPlatforms) = postSolution
		{11E261C1-8858-4438-AFDE-4C8DFB3BB61B}.Debug|Any CPU.ActiveCfg = Debug|Any CPU
		{11E261C1-8858-4438-AFDE-4C8DFB3BB61B}.Debug|Any CPU.Build.0 = Debug|Any CPU
		{11E261C1-8858-4438-AFDE-4C8DFB3BB61B}.Release|Any CPU.ActiveCfg = Release|Any CPU
		{11E261C1-8858-4438-AFDE-4C8DFB3BB61B}.Release|Any CPU.Build.0 = Release|Any CPU
	EndGlobalSection
	GlobalSection(SolutionProperties) = preSolution
		HideSolutionNode = FALSE
	EndGlobalSection
	GlobalSection(ExtensibilityGlobals) = postSolution
		SolutionGuid = {734E22AD-9B69-435B-BE1D-FBD90321D6A1}
	EndGlobalSection
EndGlobal
